
Microsoft Visual Studio Solution File, Format Version 12.00
Project("{FAE04EC0-301F-11D3-BF4B-00C04F79EFBC}") = "EducationBlazor", "EducationBlazor\EducationBlazor.csproj", "{0A010D23-8D32-4510-B313-315D371D09B1}"
EndProject
Global
	GlobalSection(SolutionConfigurationPlatforms) = preSolution
		Debug|Any CPU = Debug|Any CPU
		Release|Any CPU = Release|Any CPU
	EndGlobalSection
	GlobalSection(ProjectConfigurationPlatforms) = postSolution
		{0A010D23-8D32-4510-B313-315D371D09B1}.Debug|Any CPU.ActiveCfg = Debug|Any CPU
		{0A010D23-8D32-4510-B313-315D371D09B1}.Debug|Any CPU.Build.0 = Debug|Any CPU
		{0A010D23-8D32-4510-B313-315D371D09B1}.Release|Any CPU.ActiveCfg = Release|Any CPU
		{0A010D23-8D32-4510-B313-315D371D09B1}.Release|Any CPU.Build.0 = Release|Any CPU
	EndGlobalSection
EndGlobal
